
Microsoft Visual Studio Solution File, Format Version 12.00
# Visual Studio 15
VisualStudioVersion = 15.0.28307.271
MinimumVisualStudioVersion = 10.0.40219.1
Project("{FAE04EC0-301F-11D3-BF4B-00C04F79EFBC}") = "ClassMethodOverloadOutput", "ClassMethodOverloadOutput\ClassMethodOverloadOutput.csproj", "{35EB8889-562F-49DC-8FB2-EAB048D3A23B}"
EndProject
Global
	GlobalSection(SolutionConfigurationPlatforms) = preSolution
		Debug|Any CPU = Debug|Any CPU
		Release|Any CPU = Release|Any CPU
	EndGlobalSection
	GlobalSection(ProjectConfigurationPlatforms) = postSolution
		{35EB8889-562F-49DC-8FB2-EAB048D3A23B}.Debug|Any CPU.ActiveCfg = Debug|Any CPU
		{35EB8889-562F-49DC-8FB2-EAB048D3A23B}.Debug|Any CPU.Build.0 = Debug|Any CPU
		{35EB8889-562F-49DC-8FB2-EAB048D3A23B}.Release|Any CPU.ActiveCfg = Release|Any CPU
		{35EB8889-562F-49DC-8FB2-EAB048D3A23B}.Release|Any CPU.Build.0 = Release|Any CPU
	EndGlobalSection
	GlobalSection(SolutionProperties) = preSolution
		HideSolutionNode = FALSE
	EndGlobalSection
	GlobalSection(ExtensibilityGlobals) = postSolution
		SolutionGuid = {8C780B4F-C722-45BD-AE6A-E845640E9825}
	EndGlobalSection
EndGlobal
