
Microsoft Visual Studio Solution File, Format Version 12.00
# Visual Studio 15
VisualStudioVersion = 15.0.28307.271
MinimumVisualStudioVersion = 10.0.40219.1
Project("{FAE04EC0-301F-11D3-BF4B-00C04F79EFBC}") = "DateTime", "DateTime\DateTime.csproj", "{A9AB605A-9CFA-4F11-93CB-0CE4DBF0DEAC}"
EndProject
Global
	GlobalSection(SolutionConfigurationPlatforms) = preSolution
		Debug|Any CPU = Debug|Any CPU
		Release|Any CPU = Release|Any CPU
	EndGlobalSection
	GlobalSection(ProjectConfigurationPlatforms) = postSolution
		{A9AB605A-9CFA-4F11-93CB-0CE4DBF0DEAC}.Debug|Any CPU.ActiveCfg = Debug|Any CPU
		{A9AB605A-9CFA-4F11-93CB-0CE4DBF0DEAC}.Debug|Any CPU.Build.0 = Debug|Any CPU
		{A9AB605A-9CFA-4F11-93CB-0CE4DBF0DEAC}.Release|Any CPU.ActiveCfg = Release|Any CPU
		{A9AB605A-9CFA-4F11-93CB-0CE4DBF0DEAC}.Release|Any CPU.Build.0 = Release|Any CPU
	EndGlobalSection
	GlobalSection(SolutionProperties) = preSolution
		HideSolutionNode = FALSE
	EndGlobalSection
	GlobalSection(ExtensibilityGlobals) = postSolution
		SolutionGuid = {1761C2DB-E166-433B-80E6-2D1A3E2E7EFB}
	EndGlobalSection
EndGlobal
