
Microsoft Visual Studio Solution File, Format Version 12.00
# Visual Studio 15
VisualStudioVersion = 15.0.28307.271
MinimumVisualStudioVersion = 10.0.40219.1
Project("{FAE04EC0-301F-11D3-BF4B-00C04F79EFBC}") = "TAStudentsMVC", "TAStudentsMVC\TAStudentsMVC.csproj", "{234C8A50-409B-4B10-A718-762B5FAF8100}"
EndProject
Global
	GlobalSection(SolutionConfigurationPlatforms) = preSolution
		Debug|Any CPU = Debug|Any CPU
		Release|Any CPU = Release|Any CPU
	EndGlobalSection
	GlobalSection(ProjectConfigurationPlatforms) = postSolution
		{234C8A50-409B-4B10-A718-762B5FAF8100}.Debug|Any CPU.ActiveCfg = Debug|Any CPU
		{234C8A50-409B-4B10-A718-762B5FAF8100}.Debug|Any CPU.Build.0 = Debug|Any CPU
		{234C8A50-409B-4B10-A718-762B5FAF8100}.Release|Any CPU.ActiveCfg = Release|Any CPU
		{234C8A50-409B-4B10-A718-762B5FAF8100}.Release|Any CPU.Build.0 = Release|Any CPU
	EndGlobalSection
	GlobalSection(SolutionProperties) = preSolution
		HideSolutionNode = FALSE
	EndGlobalSection
	GlobalSection(ExtensibilityGlobals) = postSolution
		SolutionGuid = {B52BDF79-6122-4A1E-B188-EEF9364A1C9A}
	EndGlobalSection
EndGlobal
