
Microsoft Visual Studio Solution File, Format Version 12.00
# Visual Studio 15
VisualStudioVersion = 15.0.28307.271
MinimumVisualStudioVersion = 10.0.40219.1
Project("{FAE04EC0-301F-11D3-BF4B-00C04F79EFBC}") = "Iteration", "Iteration\Iteration.csproj", "{B4EE428A-4187-4719-BE5A-ADE0FF8CB177}"
EndProject
Global
	GlobalSection(SolutionConfigurationPlatforms) = preSolution
		Debug|Any CPU = Debug|Any CPU
		Release|Any CPU = Release|Any CPU
	EndGlobalSection
	GlobalSection(ProjectConfigurationPlatforms) = postSolution
		{B4EE428A-4187-4719-BE5A-ADE0FF8CB177}.Debug|Any CPU.ActiveCfg = Debug|Any CPU
		{B4EE428A-4187-4719-BE5A-ADE0FF8CB177}.Debug|Any CPU.Build.0 = Debug|Any CPU
		{B4EE428A-4187-4719-BE5A-ADE0FF8CB177}.Release|Any CPU.ActiveCfg = Release|Any CPU
		{B4EE428A-4187-4719-BE5A-ADE0FF8CB177}.Release|Any CPU.Build.0 = Release|Any CPU
	EndGlobalSection
	GlobalSection(SolutionProperties) = preSolution
		HideSolutionNode = FALSE
	EndGlobalSection
	GlobalSection(ExtensibilityGlobals) = postSolution
		SolutionGuid = {C800F67C-2B2B-43D7-8583-1EEEE0AC79D6}
	EndGlobalSection
EndGlobal
